
Microsoft Visual Studio Solution File, Format Version 12.00
# Visual Studio Version 17
VisualStudioVersion = 17.1.32228.430
MinimumVisualStudioVersion = 10.0.40219.1
Project("{9A19103F-16F7-4668-BE54-9A1E7A4F7556}") = "FluentValidationApp.Web", "UdemyCoreLibrary\FluentValidationApp.Web.csproj", "{DEE857F6-9A03-41D9-8858-D38D660E5A25}"
EndProject
Global
	GlobalSection(SolutionConfigurationPlatforms) = preSolution
		Debug|Any CPU = Debug|Any CPU
		Release|Any CPU = Release|Any CPU
	EndGlobalSection
	GlobalSection(ProjectConfigurationPlatforms) = postSolution
		{DEE857F6-9A03-41D9-8858-D38D660E5A25}.Debug|Any CPU.ActiveCfg = Debug|Any CPU
		{DEE857F6-9A03-41D9-8858-D38D660E5A25}.Debug|Any CPU.Build.0 = Debug|Any CPU
		{DEE857F6-9A03-41D9-8858-D38D660E5A25}.Release|Any CPU.ActiveCfg = Release|Any CPU
		{DEE857F6-9A03-41D9-8858-D38D660E5A25}.Release|Any CPU.Build.0 = Release|Any CPU
	EndGlobalSection
	GlobalSection(SolutionProperties) = preSolution
		HideSolutionNode = FALSE
	EndGlobalSection
	GlobalSection(ExtensibilityGlobals) = postSolution
		SolutionGuid = {16E3C343-0480-45EA-B534-26A1981EE28D}
	EndGlobalSection
EndGlobal
